{
  "tag": "deposit-25813250.1",
  "steam_buildid": "25813250",
  "game_version": "1.3.1.1",
  "schema_version": "2",
  "published_utc": "2026-10-09T02:32:14Z",
  "download_base": "https://github.com/tednaleid/grimdawn-devotions/releases/download/deposit-25813250.1",
  "assets": [
    {
      "name": "facts.parquet",
      "dir": "deposit",
      "sha256": "7f783e3210399658e9efeee665ca86b33059333bb686316e141df3e760e69376",
      "bytes": 16428019
    },
    {
      "name": "labels.parquet",
      "dir": "deposit",
      "sha256": "b0c3533b18900e3b17178027c171737068ea672beb8b5acbf749538ead805ddb",
      "bytes": 7051931
    },
    {
      "name": "meta.parquet",
      "dir": "deposit",
      "sha256": "f4d8b25893f24a4d7b6652cfcf1074ae965859b798260bc3d426729defe9a739",
      "bytes": 1039
    },
    {
      "name": "entities.parquet",
      "dir": "derived",
      "sha256": "c7be0b2230e7f1878908fff3490fe50da16bd26d2bac68dea1f91fd374e68fed",
      "bytes": 147056
    },
    {
      "name": "stats.parquet",
      "dir": "derived",
      "sha256": "9a64069fee50a2e91f4813547282bb9cbc51a21126ff3b8ac2ca1675ec66fdea",
      "bytes": 506995
    },
    {
      "name": "relations.parquet",
      "dir": "derived",
      "sha256": "427c1c369156a13148c589b4578f28bcd53722968ec44315534fe7b2e0382164",
      "bytes": 55480
    },
    {
      "name": "families.parquet",
      "dir": "derived",
      "sha256": "9c6ba0b61d441cbbc6c1678b27e1bb427a1ce50555ffc5bebbc0f4926ab1cd6a",
      "bytes": 2621
    },
    {
      "name": "sources.parquet",
      "dir": "derived",
      "sha256": "b310d88fe0ed3dac1bcb0ad5ca032e3229298dc0f4f6ee35223a0e93f5584ac4",
      "bytes": 17827
    },
    {
      "name": "boosts.parquet",
      "dir": "derived",
      "sha256": "4f10b798aee36b33383330f38c820f4ec40b41eb5325124e25be55bc877eec93",
      "bytes": 62604
    },
    {
      "name": "conversions.parquet",
      "dir": "derived",
      "sha256": "70803b356f77ea609a5e9a138195d511c919fa455925fd09f2eabc80c9ced78c",
      "bytes": 11250
    },
    {
      "name": "skill_effect.parquet",
      "dir": "derived",
      "sha256": "7c4e32fab329b90da353e8e14a6516fa1a45904c21b0166a6183f5deec32437e",
      "bytes": 51409
    },
    {
      "name": "skills.parquet",
      "dir": "derived",
      "sha256": "895657cce66703d068bce4aa8ee11e991f4a625c7d067854b6781468e2c86ce6",
      "bytes": 14644
    },
    {
      "name": "skill_ranks.parquet",
      "dir": "derived",
      "sha256": "78b133bf238665e40c7a8c25f153a3f48ebe277db9c0f63dd620da81c28954cc",
      "bytes": 18702
    },
    {
      "name": "pet_ranks.parquet",
      "dir": "derived",
      "sha256": "ff9b02a0494334159628408e01328d571cbfa7eb0e84fea98fbc39687d50aa66",
      "bytes": 8921
    },
    {
      "name": "skill_modifiers.parquet",
      "dir": "derived",
      "sha256": "76d4f7271705a2ac7a12e3bd297702e63a740d5b34ab2ffb49273a5211cfd5d8",
      "bytes": 76612
    },
    {
      "name": "sets.parquet",
      "dir": "derived",
      "sha256": "54155ae0b93da28044db64f4e0cee0d4f2650a49c9a24b0ced5aab9a83892ed5",
      "bytes": 2001
    },
    {
      "name": "set_modifiers.parquet",
      "dir": "derived",
      "sha256": "f5148a7b88dc0706ec8af67119529cc9fb882de2122af6263235a7a934504eff",
      "bytes": 12824
    },
    {
      "name": "set_boosts.parquet",
      "dir": "derived",
      "sha256": "b0abb959a00dcf9f8f773934102dfcd46ef678706ef9b6c5139f6cf40e81ab99",
      "bytes": 5573
    }
  ]
}
